
Microsoft Visual Studio Solution File, Format Version 12.00
# Visual Studio Version 16
VisualStudioVersion = 16.0.31515.178
MinimumVisualStudioVersion = 10.0.40219.1
Project("{FAE04EC0-301F-11D3-BF4B-00C04F79EFBC}") = "RectangularColumnsReinforcement", "RectangularColumnsReinforcement\RectangularColumnsReinforcement.csproj", "{93D6109C-8034-4C2C-A344-57E26F0BD7FF}"
EndProject
Global
	GlobalSection(SolutionConfigurationPlatforms) = preSolution
		Debug|Any CPU = Debug|Any CPU
		Release|Any CPU = Release|Any CPU
	EndGlobalSection
	GlobalSection(ProjectConfigurationPlatforms) = postSolution
		{93D6109C-8034-4C2C-A344-57E26F0BD7FF}.Debug|Any CPU.ActiveCfg = Debug|Any CPU
		{93D6109C-8034-4C2C-A344-57E26F0BD7FF}.Debug|Any CPU.Build.0 = Debug|Any CPU
		{93D6109C-8034-4C2C-A344-57E26F0BD7FF}.Release|Any CPU.ActiveCfg = Release|Any CPU
		{93D6109C-8034-4C2C-A344-57E26F0BD7FF}.Release|Any CPU.Build.0 = Release|Any CPU
	EndGlobalSection
	GlobalSection(SolutionProperties) = preSolution
		HideSolutionNode = FALSE
	EndGlobalSection
	GlobalSection(ExtensibilityGlobals) = postSolution
		SolutionGuid = {BAF8B3BF-B7D5-4E54-A50B-72A6979EC86C}
	EndGlobalSection
EndGlobal
